
Microsoft Visual Studio Solution File, Format Version 12.00
# Visual Studio 2013
VisualStudioVersion = 12.0.21005.1
MinimumVisualStudioVersion = 10.0.40219.1
Project("{FAE04EC0-301F-11D3-BF4B-00C04F79EFBC}") = "TamoCRM.Core", "Libraries\TamoCRM.Core\TamoCRM.Core.csproj", "{2A57A174-DAEB-45A5-8864-861A25F5F443}"
EndProject
Project("{FAE04EC0-301F-11D3-BF4B-00C04F79EFBC}") = "TamoCRM.Domain", "Libraries\TamoCRM.Domain\TamoCRM.Domain.csproj", "{E7E8FAA8-E51A-4925-A62D-0E9BCC99D091}"
EndProject
Project("{FAE04EC0-301F-11D3-BF4B-00C04F79EFBC}") = "TamoCRM.Services", "Libraries\TamoCRM.Services\TamoCRM.Services.csproj", "{3C7855AC-1E91-4FD3-BF6E-AF0B56BDCD15}"
EndProject
Project("{FAE04EC0-301F-11D3-BF4B-00C04F79EFBC}") = "TamoCRM.Web.Framework", "Presentation\TamoCRM.Web.Framework\TamoCRM.Web.Framework.csproj", "{AC605704-9C3F-4B32-A596-95D7649B8F0D}"
EndProject
Project("{FAE04EC0-301F-11D3-BF4B-00C04F79EFBC}") = "TamoCRM.Web.Mvc", "Presentation\TamoCRM.Web.Mvc\TamoCRM.Web.Mvc.csproj", "{6079264A-E6EB-4AEE-B370-AE9795DAFFDC}"
EndProject
Project("{2150E333-8FDC-42A3-9474-1A3956D46DE8}") = "Libraries", "Libraries", "{2AD8C234-BF04-4120-923B-B1B569082367}"
EndProject
Project("{2150E333-8FDC-42A3-9474-1A3956D46DE8}") = "Presentation", "Presentation", "{461C635E-1833-40BF-B6C5-39B9D3D3D483}"
EndProject
Project("{FAE04EC0-301F-11D3-BF4B-00C04F79EFBC}") = "TamoCRM.Persitence", "Libraries\TamoCRM.Persitence\TamoCRM.Persitence.csproj", "{50300414-5F2E-42F2-9E5C-1F3343445FE6}"
EndProject
Project("{2150E333-8FDC-42A3-9474-1A3956D46DE8}") = "WindowServices", "WindowServices", "{DCE8A571-86B7-4038-A1F4-5C225C7286ED}"
EndProject
Project("{FAE04EC0-301F-11D3-BF4B-00C04F79EFBC}") = "TamoCRM.ImportExcel.Library", "WindowServices\TamoCRM.ImportExcel.Library\TamoCRM.ImportExcel.Library.csproj", "{FAEC043F-B291-47E0-8253-BA38C01342D4}"
EndProject
Project("{FAE04EC0-301F-11D3-BF4B-00C04F79EFBC}") = "TamoCRM.ImportExcel.WinService", "WindowServices\TamoCRM.ImportExcel.WinService\TamoCRM.ImportExcel.WinService.csproj", "{B190CFC7-D20C-4F5A-9987-D3BDB29873E2}"
EndProject
Project("{FAE04EC0-301F-11D3-BF4B-00C04F79EFBC}") = "TamoCRM.ImportExcel.Test", "WindowServices\TamoCRM.ImportExcel.Test\TamoCRM.ImportExcel.Test.csproj", "{CB320111-441B-454B-AE38-18ECD74FD4BF}"
EndProject
Project("{FAE04EC0-301F-11D3-BF4B-00C04F79EFBC}") = "TestSocketClient", "WindowServices\TestSocketClient\TestSocketClient.csproj", "{66DCCCB1-A3BF-48BF-92C8-1DED481C459E}"
EndProject
Project("{FAE04EC0-301F-11D3-BF4B-00C04F79EFBC}") = "TamoCRM.Call", "TamoCRM.Call\TamoCRM.Call.csproj", "{F0E035AE-2C17-4EB1-AF1D-A29AB10036C6}"
EndProject
Project("{FAE04EC0-301F-11D3-BF4B-00C04F79EFBC}") = "TamoCRM.MissCall", "TamoCRM.MissCall\TamoCRM.MissCall.csproj", "{5A4D8153-4F72-436B-8E2A-5B260CD9DA5C}"
EndProject
Project("{FAE04EC0-301F-11D3-BF4B-00C04F79EFBC}") = "TamoCRM.Window.TestService", "TamoCRM.Window.TestService\TamoCRM.Window.TestService.csproj", "{9E5D9247-03AD-4FE0-A2D9-EF46F6372AA2}"
EndProject
Project("{FAE04EC0-301F-11D3-BF4B-00C04F79EFBC}") = "WSCasec", "WSCasec\WSCasec.csproj", "{9F0BAFF5-A9D4-45CB-8643-6845B561EFFE}"
EndProject
Project("{FAE04EC0-301F-11D3-BF4B-00C04F79EFBC}") = "WSCasec2", "WSCasec2\WSCasec2.csproj", "{1F9C0DD1-1B21-41DB-B44D-ECEED0EF65B0}"
EndProject
Project("{2150E333-8FDC-42A3-9474-1A3956D46DE8}") = "JobGetLinkCallInfo", "JobGetLinkCallInfo", "{9BEDB56A-5D18-4DD2-893A-96FA3E05DC47}"
EndProject
Project("{FAE04EC0-301F-11D3-BF4B-00C04F79EFBC}") = "GetUpdateCallInfo", "GetUpdateCallInfo\GetUpdateCallInfo.csproj", "{9A76F407-A74E-464D-A352-05B9498CA789}"
EndProject
Global
	GlobalSection(SolutionConfigurationPlatforms) = preSolution
		Debug|Any CPU = Debug|Any CPU
		Release|Any CPU = Release|Any CPU
	EndGlobalSection
	GlobalSection(ProjectConfigurationPlatforms) = postSolution
		{2A57A174-DAEB-45A5-8864-861A25F5F443}.Debug|Any CPU.ActiveCfg = Debug|Any CPU
		{2A57A174-DAEB-45A5-8864-861A25F5F443}.Debug|Any CPU.Build.0 = Debug|Any CPU
		{2A57A174-DAEB-45A5-8864-861A25F5F443}.Release|Any CPU.ActiveCfg = Release|Any CPU
		{2A57A174-DAEB-45A5-8864-861A25F5F443}.Release|Any CPU.Build.0 = Release|Any CPU
		{E7E8FAA8-E51A-4925-A62D-0E9BCC99D091}.Debug|Any CPU.ActiveCfg = Debug|Any CPU
		{E7E8FAA8-E51A-4925-A62D-0E9BCC99D091}.Debug|Any CPU.Build.0 = Debug|Any CPU
		{E7E8FAA8-E51A-4925-A62D-0E9BCC99D091}.Release|Any CPU.ActiveCfg = Release|Any CPU
		{E7E8FAA8-E51A-4925-A62D-0E9BCC99D091}.Release|Any CPU.Build.0 = Release|Any CPU
		{3C7855AC-1E91-4FD3-BF6E-AF0B56BDCD15}.Debug|Any CPU.ActiveCfg = Debug|Any CPU
		{3C7855AC-1E91-4FD3-BF6E-AF0B56BDCD15}.Debug|Any CPU.Build.0 = Debug|Any CPU
		{3C7855AC-1E91-4FD3-BF6E-AF0B56BDCD15}.Release|Any CPU.ActiveCfg = Release|Any CPU
		{3C7855AC-1E91-4FD3-BF6E-AF0B56BDCD15}.Release|Any CPU.Build.0 = Release|Any CPU
		{AC605704-9C3F-4B32-A596-95D7649B8F0D}.Debug|Any CPU.ActiveCfg = Debug|Any CPU
		{AC605704-9C3F-4B32-A596-95D7649B8F0D}.Debug|Any CPU.Build.0 = Debug|Any CPU
		{AC605704-9C3F-4B32-A596-95D7649B8F0D}.Release|Any CPU.ActiveCfg = Release|Any CPU
		{AC605704-9C3F-4B32-A596-95D7649B8F0D}.Release|Any CPU.Build.0 = Release|Any CPU
		{6079264A-E6EB-4AEE-B370-AE9795DAFFDC}.Debug|Any CPU.ActiveCfg = Debug|Any CPU
		{6079264A-E6EB-4AEE-B370-AE9795DAFFDC}.Debug|Any CPU.Build.0 = Debug|Any CPU
		{6079264A-E6EB-4AEE-B370-AE9795DAFFDC}.Release|Any CPU.ActiveCfg = Release|Any CPU
		{6079264A-E6EB-4AEE-B370-AE9795DAFFDC}.Release|Any CPU.Build.0 = Release|Any CPU
		{50300414-5F2E-42F2-9E5C-1F3343445FE6}.Debug|Any CPU.ActiveCfg = Debug|Any CPU
		{50300414-5F2E-42F2-9E5C-1F3343445FE6}.Debug|Any CPU.Build.0 = Debug|Any CPU
		{50300414-5F2E-42F2-9E5C-1F3343445FE6}.Release|Any CPU.ActiveCfg = Release|Any CPU
		{50300414-5F2E-42F2-9E5C-1F3343445FE6}.Release|Any CPU.Build.0 = Release|Any CPU
		{FAEC043F-B291-47E0-8253-BA38C01342D4}.Debug|Any CPU.ActiveCfg = Debug|Any CPU
		{FAEC043F-B291-47E0-8253-BA38C01342D4}.Debug|Any CPU.Build.0 = Debug|Any CPU
		{FAEC043F-B291-47E0-8253-BA38C01342D4}.Release|Any CPU.ActiveCfg = Release|Any CPU
		{FAEC043F-B291-47E0-8253-BA38C01342D4}.Release|Any CPU.Build.0 = Release|Any CPU
		{B190CFC7-D20C-4F5A-9987-D3BDB29873E2}.Debug|Any CPU.ActiveCfg = Debug|Any CPU
		{B190CFC7-D20C-4F5A-9987-D3BDB29873E2}.Debug|Any CPU.Build.0 = Debug|Any CPU
		{B190CFC7-D20C-4F5A-9987-D3BDB29873E2}.Release|Any CPU.ActiveCfg = Release|Any CPU
		{B190CFC7-D20C-4F5A-9987-D3BDB29873E2}.Release|Any CPU.Build.0 = Release|Any CPU
		{CB320111-441B-454B-AE38-18ECD74FD4BF}.Debug|Any CPU.ActiveCfg = Debug|Any CPU
		{CB320111-441B-454B-AE38-18ECD74FD4BF}.Debug|Any CPU.Build.0 = Debug|Any CPU
		{CB320111-441B-454B-AE38-18ECD74FD4BF}.Release|Any CPU.ActiveCfg = Release|Any CPU
		{CB320111-441B-454B-AE38-18ECD74FD4BF}.Release|Any CPU.Build.0 = Release|Any CPU
		{66DCCCB1-A3BF-48BF-92C8-1DED481C459E}.Debug|Any CPU.ActiveCfg = Debug|Any CPU
		{66DCCCB1-A3BF-48BF-92C8-1DED481C459E}.Debug|Any CPU.Build.0 = Debug|Any CPU
		{66DCCCB1-A3BF-48BF-92C8-1DED481C459E}.Release|Any CPU.ActiveCfg = Release|Any CPU
		{66DCCCB1-A3BF-48BF-92C8-1DED481C459E}.Release|Any CPU.Build.0 = Release|Any CPU
		{F0E035AE-2C17-4EB1-AF1D-A29AB10036C6}.Debug|Any CPU.ActiveCfg = Debug|Any CPU
		{F0E035AE-2C17-4EB1-AF1D-A29AB10036C6}.Debug|Any CPU.Build.0 = Debug|Any CPU
		{F0E035AE-2C17-4EB1-AF1D-A29AB10036C6}.Release|Any CPU.ActiveCfg = Release|Any CPU
		{F0E035AE-2C17-4EB1-AF1D-A29AB10036C6}.Release|Any CPU.Build.0 = Release|Any CPU
		{5A4D8153-4F72-436B-8E2A-5B260CD9DA5C}.Debug|Any CPU.ActiveCfg = Debug|Any CPU
		{5A4D8153-4F72-436B-8E2A-5B260CD9DA5C}.Debug|Any CPU.Build.0 = Debug|Any CPU
		{5A4D8153-4F72-436B-8E2A-5B260CD9DA5C}.Release|Any CPU.ActiveCfg = Release|Any CPU
		{5A4D8153-4F72-436B-8E2A-5B260CD9DA5C}.Release|Any CPU.Build.0 = Release|Any CPU
		{9E5D9247-03AD-4FE0-A2D9-EF46F6372AA2}.Debug|Any CPU.ActiveCfg = Debug|Any CPU
		{9E5D9247-03AD-4FE0-A2D9-EF46F6372AA2}.Debug|Any CPU.Build.0 = Debug|Any CPU
		{9E5D9247-03AD-4FE0-A2D9-EF46F6372AA2}.Release|Any CPU.ActiveCfg = Release|Any CPU
		{9E5D9247-03AD-4FE0-A2D9-EF46F6372AA2}.Release|Any CPU.Build.0 = Release|Any CPU
		{9F0BAFF5-A9D4-45CB-8643-6845B561EFFE}.Debug|Any CPU.ActiveCfg = Debug|Any CPU
		{9F0BAFF5-A9D4-45CB-8643-6845B561EFFE}.Debug|Any CPU.Build.0 = Debug|Any CPU
		{9F0BAFF5-A9D4-45CB-8643-6845B561EFFE}.Release|Any CPU.ActiveCfg = Release|Any CPU
		{9F0BAFF5-A9D4-45CB-8643-6845B561EFFE}.Release|Any CPU.Build.0 = Release|Any CPU
		{1F9C0DD1-1B21-41DB-B44D-ECEED0EF65B0}.Debug|Any CPU.ActiveCfg = Debug|Any CPU
		{1F9C0DD1-1B21-41DB-B44D-ECEED0EF65B0}.Debug|Any CPU.Build.0 = Debug|Any CPU
		{1F9C0DD1-1B21-41DB-B44D-ECEED0EF65B0}.Release|Any CPU.ActiveCfg = Release|Any CPU
		{1F9C0DD1-1B21-41DB-B44D-ECEED0EF65B0}.Release|Any CPU.Build.0 = Release|Any CPU
		{9A76F407-A74E-464D-A352-05B9498CA789}.Debug|Any CPU.ActiveCfg = Debug|Any CPU
		{9A76F407-A74E-464D-A352-05B9498CA789}.Debug|Any CPU.Build.0 = Debug|Any CPU
		{9A76F407-A74E-464D-A352-05B9498CA789}.Release|Any CPU.ActiveCfg = Release|Any CPU
		{9A76F407-A74E-464D-A352-05B9498CA789}.Release|Any CPU.Build.0 = Release|Any CPU
	EndGlobalSection
	GlobalSection(SolutionProperties) = preSolution
		HideSolutionNode = FALSE
	EndGlobalSection
	GlobalSection(NestedProjects) = preSolution
		{E7E8FAA8-E51A-4925-A62D-0E9BCC99D091} = {2AD8C234-BF04-4120-923B-B1B569082367}
		{3C7855AC-1E91-4FD3-BF6E-AF0B56BDCD15} = {2AD8C234-BF04-4120-923B-B1B569082367}
		{2A57A174-DAEB-45A5-8864-861A25F5F443} = {2AD8C234-BF04-4120-923B-B1B569082367}
		{50300414-5F2E-42F2-9E5C-1F3343445FE6} = {2AD8C234-BF04-4120-923B-B1B569082367}
		{F0E035AE-2C17-4EB1-AF1D-A29AB10036C6} = {2AD8C234-BF04-4120-923B-B1B569082367}
		{5A4D8153-4F72-436B-8E2A-5B260CD9DA5C} = {2AD8C234-BF04-4120-923B-B1B569082367}
		{9F0BAFF5-A9D4-45CB-8643-6845B561EFFE} = {2AD8C234-BF04-4120-923B-B1B569082367}
		{1F9C0DD1-1B21-41DB-B44D-ECEED0EF65B0} = {2AD8C234-BF04-4120-923B-B1B569082367}
		{6079264A-E6EB-4AEE-B370-AE9795DAFFDC} = {461C635E-1833-40BF-B6C5-39B9D3D3D483}
		{AC605704-9C3F-4B32-A596-95D7649B8F0D} = {461C635E-1833-40BF-B6C5-39B9D3D3D483}
		{9E5D9247-03AD-4FE0-A2D9-EF46F6372AA2} = {461C635E-1833-40BF-B6C5-39B9D3D3D483}
		{FAEC043F-B291-47E0-8253-BA38C01342D4} = {DCE8A571-86B7-4038-A1F4-5C225C7286ED}
		{B190CFC7-D20C-4F5A-9987-D3BDB29873E2} = {DCE8A571-86B7-4038-A1F4-5C225C7286ED}
		{CB320111-441B-454B-AE38-18ECD74FD4BF} = {DCE8A571-86B7-4038-A1F4-5C225C7286ED}
		{66DCCCB1-A3BF-48BF-92C8-1DED481C459E} = {DCE8A571-86B7-4038-A1F4-5C225C7286ED}
		{9A76F407-A74E-464D-A352-05B9498CA789} = {9BEDB56A-5D18-4DD2-893A-96FA3E05DC47}
	EndGlobalSection
EndGlobal
